
Microsoft Visual Studio Solution File, Format Version 12.00
# Visual Studio 15
VisualStudioVersion = 15.0.27703.2000
MinimumVisualStudioVersion = 10.0.40219.1
Project("{FAE04EC0-301F-11D3-BF4B-00C04F79EFBC}") = "FindViewTryout", "FindViewTryout\FindViewTryout.csproj", "{BE0CA24A-BAEF-409B-AEFD-EC65555F5D62}"
EndProject
Global
	GlobalSection(SolutionConfigurationPlatforms) = preSolution
		Debug|Any CPU = Debug|Any CPU
		Release|Any CPU = Release|Any CPU
	EndGlobalSection
	GlobalSection(ProjectConfigurationPlatforms) = postSolution
		{BE0CA24A-BAEF-409B-AEFD-EC65555F5D62}.Debug|Any CPU.ActiveCfg = Debug|Any CPU
		{BE0CA24A-BAEF-409B-AEFD-EC65555F5D62}.Debug|Any CPU.Build.0 = Debug|Any CPU
		{BE0CA24A-BAEF-409B-AEFD-EC65555F5D62}.Release|Any CPU.ActiveCfg = Release|Any CPU
		{BE0CA24A-BAEF-409B-AEFD-EC65555F5D62}.Release|Any CPU.Build.0 = Release|Any CPU
	EndGlobalSection
	GlobalSection(SolutionProperties) = preSolution
		HideSolutionNode = FALSE
	EndGlobalSection
	GlobalSection(ExtensibilityGlobals) = postSolution
		SolutionGuid = {913C9C69-BD1A-4D7F-95F9-50DCE8354E53}
	EndGlobalSection
EndGlobal
